
Microsoft Visual Studio Solution File, Format Version 12.00
# Visual Studio Version 16
VisualStudioVersion = 16.0.30611.23
MinimumVisualStudioVersion = 10.0.40219.1
Project("{FAE04EC0-301F-11D3-BF4B-00C04F79EFBC}") = "static", "static\static.csproj", "{6630C83C-A591-4F36-AC92-B52E2E350107}"
EndProject
Project("{FAE04EC0-301F-11D3-BF4B-00C04F79EFBC}") = "static_2", "static_2\static_2.csproj", "{6972DCD8-DDE6-4F54-B792-7158A543DC75}"
EndProject
Project("{FAE04EC0-301F-11D3-BF4B-00C04F79EFBC}") = "static_constructor", "static_constructor\static_constructor.csproj", "{DB8C0BC4-6BA3-46CA-9848-E7344A643D8C}"
EndProject
Project("{FAE04EC0-301F-11D3-BF4B-00C04F79EFBC}") = "static_constructor_2", "static_constructor_2\static_constructor_2.csproj", "{41A2E726-F506-4D1E-BC1D-2ECDFF1EEB4B}"
EndProject
Project("{FAE04EC0-301F-11D3-BF4B-00C04F79EFBC}") = "static_class", "static_class\static_class.csproj", "{28DD3626-F108-4DFB-A5A3-C7EF24C0A6A4}"
EndProject
Global
	GlobalSection(SolutionConfigurationPlatforms) = preSolution
		Debug|Any CPU = Debug|Any CPU
		Release|Any CPU = Release|Any CPU
	EndGlobalSection
	GlobalSection(ProjectConfigurationPlatforms) = postSolution
		{6630C83C-A591-4F36-AC92-B52E2E350107}.Debug|Any CPU.ActiveCfg = Debug|Any CPU
		{6630C83C-A591-4F36-AC92-B52E2E350107}.Debug|Any CPU.Build.0 = Debug|Any CPU
		{6630C83C-A591-4F36-AC92-B52E2E350107}.Release|Any CPU.ActiveCfg = Release|Any CPU
		{6630C83C-A591-4F36-AC92-B52E2E350107}.Release|Any CPU.Build.0 = Release|Any CPU
		{6972DCD8-DDE6-4F54-B792-7158A543DC75}.Debug|Any CPU.ActiveCfg = Debug|Any CPU
		{6972DCD8-DDE6-4F54-B792-7158A543DC75}.Debug|Any CPU.Build.0 = Debug|Any CPU
		{6972DCD8-DDE6-4F54-B792-7158A543DC75}.Release|Any CPU.ActiveCfg = Release|Any CPU
		{6972DCD8-DDE6-4F54-B792-7158A543DC75}.Release|Any CPU.Build.0 = Release|Any CPU
		{DB8C0BC4-6BA3-46CA-9848-E7344A643D8C}.Debug|Any CPU.ActiveCfg = Debug|Any CPU
		{DB8C0BC4-6BA3-46CA-9848-E7344A643D8C}.Debug|Any CPU.Build.0 = Debug|Any CPU
		{DB8C0BC4-6BA3-46CA-9848-E7344A643D8C}.Release|Any CPU.ActiveCfg = Release|Any CPU
		{DB8C0BC4-6BA3-46CA-9848-E7344A643D8C}.Release|Any CPU.Build.0 = Release|Any CPU
		{41A2E726-F506-4D1E-BC1D-2ECDFF1EEB4B}.Debug|Any CPU.ActiveCfg = Debug|Any CPU
		{41A2E726-F506-4D1E-BC1D-2ECDFF1EEB4B}.Debug|Any CPU.Build.0 = Debug|Any CPU
		{41A2E726-F506-4D1E-BC1D-2ECDFF1EEB4B}.Release|Any CPU.ActiveCfg = Release|Any CPU
		{41A2E726-F506-4D1E-BC1D-2ECDFF1EEB4B}.Release|Any CPU.Build.0 = Release|Any CPU
		{28DD3626-F108-4DFB-A5A3-C7EF24C0A6A4}.Debug|Any CPU.ActiveCfg = Debug|Any CPU
		{28DD3626-F108-4DFB-A5A3-C7EF24C0A6A4}.Debug|Any CPU.Build.0 = Debug|Any CPU
		{28DD3626-F108-4DFB-A5A3-C7EF24C0A6A4}.Release|Any CPU.ActiveCfg = Release|Any CPU
		{28DD3626-F108-4DFB-A5A3-C7EF24C0A6A4}.Release|Any CPU.Build.0 = Release|Any CPU
	EndGlobalSection
	GlobalSection(SolutionProperties) = preSolution
		HideSolutionNode = FALSE
	EndGlobalSection
	GlobalSection(ExtensibilityGlobals) = postSolution
		SolutionGuid = {8D799241-4A50-4201-A755-02512CB92053}
	EndGlobalSection
EndGlobal
